// !$*UTF8*$!
{
	archiveVersion = 1;
	classes = {
	};
	objectVersion = 46;
	objects = {

/* Begin PBXBuildFile section */
		28D8135B1C4B3F5C00AAD65D /* Sound.swift in Sources */ = {isa = PBXBuildFile; fileRef = 28D8135A1C4B3F5C00AAD65D /* Sound.swift */; };
		28D8135F1C4B67C600AAD65D /* jeopardy.mp3 in Resources */ = {isa = PBXBuildFile; fileRef = 28D8135E1C4B67C600AAD65D /* jeopardy.mp3 */; };
		28D813621C4B67DE00AAD65D /* jaws.mp3 in Resources */ = {isa = PBXBuildFile; fileRef = 28D813601C4B67DE00AAD65D /* jaws.mp3 */; };
		28D813631C4B67DE00AAD65D /* gladiator.mp3 in Resources */ = {isa = PBXBuildFile; fileRef = 28D813611C4B67DE00AAD65D /* gladiator.mp3 */; };
		3C9012A11C496B5300D985B0 /* AppDelegate.swift in Sources */ = {isa = PBXBuildFile; fileRef = 3C9012A01C496B5300D985B0 /* AppDelegate.swift */; };
		3C9012A31C496B5300D985B0 /* CameraViewController.swift in Sources */ = {isa = PBXBuildFile; fileRef = 3C9012A21C496B5300D985B0 /* CameraViewController.swift */; };
		3C9012A61C496B5300D985B0 /* Main.storyboard in Resources */ = {isa = PBXBuildFile; fileRef = 3C9012A41C496B5300D985B0 /* Main.storyboard */; };
		3C9012A81C496B5300D985B0 /* Assets.xcassets in Resources */ = {isa = PBXBuildFile; fileRef = 3C9012A71C496B5300D985B0 /* Assets.xcassets */; };
		3C9012AB1C496B5300D985B0 /* LaunchScreen.storyboard in Resources */ = {isa = PBXBuildFile; fileRef = 3C9012A91C496B5300D985B0 /* LaunchScreen.storyboard */; };
		3C9012B31C4970C500D985B0 /* HomeViewController.swift in Sources */ = {isa = PBXBuildFile; fileRef = 3C9012B21C4970C500D985B0 /* HomeViewController.swift */; };
		3CD69C8F1C4976A9009168AE /* ImageUtility.swift in Sources */ = {isa = PBXBuildFile; fileRef = 3CD69C8E1C4976A9009168AE /* ImageUtility.swift */; };
		3CD69C911C4979B7009168AE /* CropImageViewController.swift in Sources */ = {isa = PBXBuildFile; fileRef = 3CD69C901C4979B7009168AE /* CropImageViewController.swift */; };
		3CD69C931C49824C009168AE /* PuzzleViewController.swift in Sources */ = {isa = PBXBuildFile; fileRef = 3CD69C921C49824C009168AE /* PuzzleViewController.swift */; };
/* End PBXBuildFile section */

/* Begin PBXFileReference section */
		28D8135A1C4B3F5C00AAD65D /* Sound.swift */ = {isa = PBXFileReference; fileEncoding = 4; lastKnownFileType = sourcecode.swift; path = Sound.swift; sourceTree = "<group>"; };
		28D8135E1C4B67C600AAD65D /* jeopardy.mp3 */ = {isa = PBXFileReference; lastKnownFileType = audio.mp3; name = jeopardy.mp3; path = "../../../../../../Downloads/Jeopardy-theme-song/jeopardy.mp3"; sourceTree = "<group>"; };
		28D813601C4B67DE00AAD65D /* jaws.mp3 */ = {isa = PBXFileReference; lastKnownFileType = audio.mp3; name = jaws.mp3; path = ../../../../../../Downloads/jaws.mp3; sourceTree = "<group>"; };
		28D813611C4B67DE00AAD65D /* gladiator.mp3 */ = {isa = PBXFileReference; lastKnownFileType = audio.mp3; name = gladiator.mp3; path = ../../../../../../Downloads/gladiator.mp3; sourceTree = "<group>"; };
		3C90129D1C496B5300D985B0 /* Picture Puzzle.app */ = {isa = PBXFileReference; explicitFileType = wrapper.application; includeInIndex = 0; path = "Picture Puzzle.app"; sourceTree = BUILT_PRODUCTS_DIR; };
		3C9012A01C496B5300D985B0 /* AppDelegate.swift */ = {isa = PBXFileReference; lastKnownFileType = sourcecode.swift; path = AppDelegate.swift; sourceTree = "<group>"; };
		3C9012A21C496B5300D985B0 /* CameraViewController.swift */ = {isa = PBXFileReference; lastKnownFileType = sourcecode.swift; path = CameraViewController.swift; sourceTree = "<group>"; };
		3C9012A51C496B5300D985B0 /* Base */ = {isa = PBXFileReference; lastKnownFileType = file.storyboard; name = Base; path = Base.lproj/Main.storyboard; sourceTree = "<group>"; };
		3C9012A71C496B5300D985B0 /* Assets.xcassets */ = {isa = PBXFileReference; lastKnownFileType = folder.assetcatalog; path = Assets.xcassets; sourceTree = "<group>"; };
		3C9012AA1C496B5300D985B0 /* Base */ = {isa = PBXFileReference; lastKnownFileType = file.storyboard; name = Base; path = Base.lproj/LaunchScreen.storyboard; sourceTree = "<group>"; };
		3C9012AC1C496B5300D985B0 /* Info.plist */ = {isa = PBXFileReference; lastKnownFileType = text.plist.xml; path = Info.plist; sourceTree = "<group>"; };
		3C9012B21C4970C500D985B0 /* HomeViewController.swift */ = {isa = PBXFileReference; fileEncoding = 4; lastKnownFileType = sourcecode.swift; path = HomeViewController.swift; sourceTree = "<group>"; };
		3CD69C8E1C4976A9009168AE /* ImageUtility.swift */ = {isa = PBXFileReference; fileEncoding = 4; lastKnownFileType = sourcecode.swift; path = ImageUtility.swift; sourceTree = "<group>"; };
		3CD69C901C4979B7009168AE /* CropImageViewController.swift */ = {isa = PBXFileReference; fileEncoding = 4; lastKnownFileType = sourcecode.swift; path = CropImageViewController.swift; sourceTree = "<group>"; };
		3CD69C921C49824C009168AE /* PuzzleViewController.swift */ = {isa = PBXFileReference; fileEncoding = 4; lastKnownFileType = sourcecode.swift; path = PuzzleViewController.swift; sourceTree = "<group>"; };
/* End PBXFileReference section */

/* Begin PBXFrameworksBuildPhase section */
		3C90129A1C496B5200D985B0 /* Frameworks */ = {
			isa = PBXFrameworksBuildPhase;
			buildActionMask = 2147483647;
			files = (
			);
			runOnlyForDeploymentPostprocessing = 0;
		};
/* End PBXFrameworksBuildPhase section */

/* Begin PBXGroup section */
		28D8135C1C4B679E00AAD65D /* Supporting Files */ = {
			isa = PBXGroup;
			children = (
				28D8135D1C4B67A700AAD65D /* Music */,
			);
			name = "Supporting Files";
			sourceTree = "<group>";
		};
		28D8135D1C4B67A700AAD65D /* Music */ = {
			isa = PBXGroup;
			children = (
				28D8135E1C4B67C600AAD65D /* jeopardy.mp3 */,
				28D813601C4B67DE00AAD65D /* jaws.mp3 */,
				28D813611C4B67DE00AAD65D /* gladiator.mp3 */,
			);
			name = Music;
			sourceTree = "<group>";
		};
		3C9012941C496B5200D985B0 = {
			isa = PBXGroup;
			children = (
				3C90129F1C496B5300D985B0 /* Picture Puzzle */,
				3C90129E1C496B5300D985B0 /* Products */,
			);
			sourceTree = "<group>";
		};
		3C90129E1C496B5300D985B0 /* Products */ = {
			isa = PBXGroup;
			children = (
				3C90129D1C496B5300D985B0 /* Picture Puzzle.app */,
			);
			name = Products;
			sourceTree = "<group>";
		};
		3C90129F1C496B5300D985B0 /* Picture Puzzle */ = {
			isa = PBXGroup;
			children = (
				28D8135C1C4B679E00AAD65D /* Supporting Files */,
				3C9012A01C496B5300D985B0 /* AppDelegate.swift */,
				3C9012A21C496B5300D985B0 /* CameraViewController.swift */,
				3C9012A41C496B5300D985B0 /* Main.storyboard */,
				3C9012A71C496B5300D985B0 /* Assets.xcassets */,
				3C9012A91C496B5300D985B0 /* LaunchScreen.storyboard */,
				3C9012AC1C496B5300D985B0 /* Info.plist */,
				3C9012B21C4970C500D985B0 /* HomeViewController.swift */,
				3CD69C8E1C4976A9009168AE /* ImageUtility.swift */,
				3CD69C901C4979B7009168AE /* CropImageViewController.swift */,
				3CD69C921C49824C009168AE /* PuzzleViewController.swift */,
				28D8135A1C4B3F5C00AAD65D /* Sound.swift */,
			);
			path = "Picture Puzzle";
			sourceTree = "<group>";
		};
/* End PBXGroup section */

/* Begin PBXNativeTarget section */
		3C90129C1C496B5200D985B0 /* Picture Puzzle */ = {
			isa = PBXNativeTarget;
			buildConfigurationList = 3C9012AF1C496B5300D985B0 /* Build configuration list for PBXNativeTarget "Picture Puzzle" */;
			buildPhases = (
				3C9012991C496B5200D985B0 /* Sources */,
				3C90129A1C496B5200D985B0 /* Frameworks */,
				3C90129B1C496B5200D985B0 /* Resources */,
			);
			buildRules = (
			);
			dependencies = (
			);
			name = "Picture Puzzle";
			productName = "Picture Puzzle";
			productReference = 3C90129D1C496B5300D985B0 /* Picture Puzzle.app */;
			productType = "com.apple.product-type.application";
		};
/* End PBXNativeTarget section */

/* Begin PBXProject section */
		3C9012951C496B5200D985B0 /* Project object */ = {
			isa = PBXProject;
			attributes = {
				LastSwiftUpdateCheck = 0720;
				LastUpgradeCheck = 0720;
				ORGANIZATIONNAME = "Filza Mazahir";
				TargetAttributes = {
					3C90129C1C496B5200D985B0 = {
						CreatedOnToolsVersion = 7.2;
					};
				};
			};
			buildConfigurationList = 3C9012981C496B5200D985B0 /* Build configuration list for PBXProject "Picture Puzzle" */;
			compatibilityVersion = "Xcode 3.2";
			developmentRegion = English;
			hasScannedForEncodings = 0;
			knownRegions = (
				en,
				Base,
			);
			mainGroup = 3C9012941C496B5200D985B0;
			productRefGroup = 3C90129E1C496B5300D985B0 /* Products */;
			projectDirPath = "";
			projectRoot = "";
			targets = (
				3C90129C1C496B5200D985B0 /* Picture Puzzle */,
			);
		};
/* End PBXProject section */

/* Begin PBXResourcesBuildPhase section */
		3C90129B1C496B5200D985B0 /* Resources */ = {
			isa = PBXResourcesBuildPhase;
			buildActionMask = 2147483647;
			files = (
				3C9012AB1C496B5300D985B0 /* LaunchScreen.storyboard in Resources */,
				28D813621C4B67DE00AAD65D /* jaws.mp3 in Resources */,
				3C9012A81C496B5300D985B0 /* Assets.xcassets in Resources */,
				3C9012A61C496B5300D985B0 /* Main.storyboard in Resources */,
				28D813631C4B67DE00AAD65D /* gladiator.mp3 in Resources */,
				28D8135F1C4B67C600AAD65D /* jeopardy.mp3 in Resources */,
			);
			runOnlyForDeploymentPostprocessing = 0;
		};
/* End PBXResourcesBuildPhase section */

/* Begin PBXSourcesBuildPhase section */
		3C9012991C496B5200D985B0 /* Sources */ = {
			isa = PBXSourcesBuildPhase;
			buildActionMask = 2147483647;
			files = (
				28D8135B1C4B3F5C00AAD65D /* Sound.swift in Sources */,
				3CD69C8F1C4976A9009168AE /* ImageUtility.swift in Sources */,
				3CD69C911C4979B7009168AE /* CropImageViewController.swift in Sources */,
				3C9012A31C496B5300D985B0 /* CameraViewController.swift in Sources */,
				3C9012A11C496B5300D985B0 /* AppDelegate.swift in Sources */,
				3CD69C931C49824C009168AE /* PuzzleViewController.swift in Sources */,
				3C9012B31C4970C500D985B0 /* HomeViewController.swift in Sources */,
			);
			runOnlyForDeploymentPostprocessing = 0;
		};
/* End PBXSourcesBuildPhase section */

/* Begin PBXVariantGroup section */
		3C9012A41C496B5300D985B0 /* Main.storyboard */ = {
			isa = PBXVariantGroup;
			children = (
				3C9012A51C496B5300D985B0 /* Base */,
			);
			name = Main.storyboard;
			sourceTree = "<group>";
		};
		3C9012A91C496B5300D985B0 /* LaunchScreen.storyboard */ = {
			isa = PBXVariantGroup;
			children = (
				3C9012AA1C496B5300D985B0 /* Base */,
			);
			name = LaunchScreen.storyboard;
			sourceTree = "<group>";
		};
/* End PBXVariantGroup section */

/* Begin XCBuildConfiguration section */
		3C9012AD1C496B5300D985B0 /* Debug */ = {
			isa = XCBuildConfiguration;
			buildSettings = {
				ALWAYS_SEARCH_USER_PATHS = NO;
				CLANG_CXX_LANGUAGE_STANDARD = "gnu++0x";
				CLANG_CXX_LIBRARY = "libc++";
				CLANG_ENABLE_MODULES = YES;
				CLANG_ENABLE_OBJC_ARC = YES;
				CLANG_WARN_BOOL_CONVERSION = YES;
				CLANG_WARN_CONSTANT_CONVERSION = YES;
				CLANG_WARN_DIRECT_OBJC_ISA_USAGE = YES_ERROR;
				CLANG_WARN_EMPTY_BODY = YES;
				CLANG_WARN_ENUM_CONVERSION = YES;
				CLANG_WARN_INT_CONVERSION = YES;
				CLANG_WARN_OBJC_ROOT_CLASS = YES_ERROR;
				CLANG_WARN_UNREACHABLE_CODE = YES;
				CLANG_WARN__DUPLICATE_METHOD_MATCH = YES;
				"CODE_SIGN_IDENTITY[sdk=iphoneos*]" = "iPhone Developer";
				COPY_PHASE_STRIP = NO;
				DEBUG_INFORMATION_FORMAT = dwarf;
				ENABLE_STRICT_OBJC_MSGSEND = YES;
				ENABLE_TESTABILITY = YES;
				GCC_C_LANGUAGE_STANDARD = gnu99;
				GCC_DYNAMIC_NO_PIC = NO;
				GCC_NO_COMMON_BLOCKS = YES;
				GCC_OPTIMIZATION_LEVEL = 0;
				GCC_PREPROCESSOR_DEFINITIONS = (
					"DEBUG=1",
					"$(inherited)",
				);
				GCC_WARN_64_TO_32_BIT_CONVERSION = YES;
				GCC_WARN_ABOUT_RETURN_TYPE = YES_ERROR;
				GCC_WARN_UNDECLARED_SELECTOR = YES;
				GCC_WARN_UNINITIALIZED_AUTOS = YES_AGGRESSIVE;
				GCC_WARN_UNUSED_FUNCTION = YES;
				GCC_WARN_UNUSED_VARIABLE = YES;
				IPHONEOS_DEPLOYMENT_TARGET = 9.2;
				MTL_ENABLE_DEBUG_INFO = YES;
				ONLY_ACTIVE_ARCH = YES;
				SDKROOT = iphoneos;
				SWIFT_OPTIMIZATION_LEVEL = "-Onone";
				TARGETED_DEVICE_FAMILY = "1,2";
			};
			name = Debug;
		};
		3C9012AE1C496B5300D985B0 /* Release */ = {
			isa = XCBuildConfiguration;
			buildSettings = {
				ALWAYS_SEARCH_USER_PATHS = NO;
				CLANG_CXX_LANGUAGE_STANDARD = "gnu++0x";
				CLANG_CXX_LIBRARY = "libc++";
				CLANG_ENABLE_MODULES = YES;
				CLANG_ENABLE_OBJC_ARC = YES;
				CLANG_WARN_BOOL_CONVERSION = YES;
				CLANG_WARN_CONSTANT_CONVERSION = YES;
				CLANG_WARN_DIRECT_OBJC_ISA_USAGE = YES_ERROR;
				CLANG_WARN_EMPTY_BODY = YES;
				CLANG_WARN_ENUM_CONVERSION = YES;
				CLANG_WARN_INT_CONVERSION = YES;
				CLANG_WARN_OBJC_ROOT_CLASS = YES_ERROR;
				CLANG_WARN_UNREACHABLE_CODE = YES;
				CLANG_WARN__DUPLICATE_METHOD_MATCH = YES;
				"CODE_SIGN_IDENTITY[sdk=iphoneos*]" = "iPhone Developer";
				COPY_PHASE_STRIP = NO;
				DEBUG_INFORMATION_FORMAT = "dwarf-with-dsym";
				ENABLE_NS_ASSERTIONS = NO;
				ENABLE_STRICT_OBJC_MSGSEND = YES;
				GCC_C_LANGUAGE_STANDARD = gnu99;
				GCC_NO_COMMON_BLOCKS = YES;
				GCC_WARN_64_TO_32_BIT_CONVERSION = YES;
				GCC_WARN_ABOUT_RETURN_TYPE = YES_ERROR;
				GCC_WARN_UNDECLARED_SELECTOR = YES;
				GCC_WARN_UNINITIALIZED_AUTOS = YES_AGGRESSIVE;
				GCC_WARN_UNUSED_FUNCTION = YES;
				GCC_WARN_UNUSED_VARIABLE = YES;
				IPHONEOS_DEPLOYMENT_TARGET = 9.2;
				MTL_ENABLE_DEBUG_INFO = NO;
				SDKROOT = iphoneos;
				TARGETED_DEVICE_FAMILY = "1,2";
				VALIDATE_PRODUCT = YES;
			};
			name = Release;
		};
		3C9012B01C496B5300D985B0 /* Debug */ = {
			isa = XCBuildConfiguration;
			buildSettings = {
				ASSETCATALOG_COMPILER_APPICON_NAME = AppIcon;
				INFOPLIST_FILE = "Picture Puzzle/Info.plist";
				LD_RUNPATH_SEARCH_PATHS = "$(inherited) @executable_path/Frameworks";
				PRODUCT_BUNDLE_IDENTIFIER = "ca.filza.Picture-Puzzle";
				PRODUCT_NAME = "$(TARGET_NAME)";
			};
			name = Debug;
		};
		3C9012B11C496B5300D985B0 /* Release */ = {
			isa = XCBuildConfiguration;
			buildSettings = {
				ASSETCATALOG_COMPILER_APPICON_NAME = AppIcon;
				INFOPLIST_FILE = "Picture Puzzle/Info.plist";
				LD_RUNPATH_SEARCH_PATHS = "$(inherited) @executable_path/Frameworks";
				PRODUCT_BUNDLE_IDENTIFIER = "ca.filza.Picture-Puzzle";
				PRODUCT_NAME = "$(TARGET_NAME)";
			};
			name = Release;
		};
/* End XCBuildConfiguration section */

/* Begin XCConfigurationList section */
		3C9012981C496B5200D985B0 /* Build configuration list for PBXProject "Picture Puzzle" */ = {
			isa = XCConfigurationList;
			buildConfigurations = (
				3C9012AD1C496B5300D985B0 /* Debug */,
				3C9012AE1C496B5300D985B0 /* Release */,
			);
			defaultConfigurationIsVisible = 0;
			defaultConfigurationName = Release;
		};
		3C9012AF1C496B5300D985B0 /* Build configuration list for PBXNativeTarget "Picture Puzzle" */ = {
			isa = XCConfigurationList;
			buildConfigurations = (
				3C9012B01C496B5300D985B0 /* Debug */,
				3C9012B11C496B5300D985B0 /* Release */,
			);
			defaultConfigurationIsVisible = 0;
			defaultConfigurationName = Release;
		};
/* End XCConfigurationList section */
	};
	rootObject = 3C9012951C496B5200D985B0 /* Project object */;
}
